
Microsoft Visual Studio Solution File, Format Version 12.00
# Visual Studio 15
VisualStudioVersion = 15.0.27703.2035
MinimumVisualStudioVersion = 10.0.40219.1
Project("{FAE04EC0-301F-11D3-BF4B-00C04F79EFBC}") = "PdfPrintDemo", "PdfPrintDemo\PdfPrintDemo.csproj", "{AFA1A71B-2428-4FE7-BA34-F5C4FBF18665}"
EndProject
Global
	GlobalSection(SolutionConfigurationPlatforms) = preSolution
		Debug|Any CPU = Debug|Any CPU
		Release|Any CPU = Release|Any CPU
	EndGlobalSection
	GlobalSection(ProjectConfigurationPlatforms) = postSolution
		{AFA1A71B-2428-4FE7-BA34-F5C4FBF18665}.Debug|Any CPU.ActiveCfg = Debug|Any CPU
		{AFA1A71B-2428-4FE7-BA34-F5C4FBF18665}.Debug|Any CPU.Build.0 = Debug|Any CPU
		{AFA1A71B-2428-4FE7-BA34-F5C4FBF18665}.Release|Any CPU.ActiveCfg = Release|Any CPU
		{AFA1A71B-2428-4FE7-BA34-F5C4FBF18665}.Release|Any CPU.Build.0 = Release|Any CPU
	EndGlobalSection
	GlobalSection(SolutionProperties) = preSolution
		HideSolutionNode = FALSE
	EndGlobalSection
	GlobalSection(ExtensibilityGlobals) = postSolution
		SolutionGuid = {23CC067A-88CB-43DA-AD41-1CCE0851CD37}
	EndGlobalSection
EndGlobal
